
Microsoft Visual Studio Solution File, Format Version 11.00
# Visual Studio 2010
Project("{FAE04EC0-301F-11D3-BF4B-00C04F79EFBC}") = "Assembly-CSharp", "Assembly-CSharp.csproj", "{f9d2c358-1142-8db6-5d15-26a243dd6e6d}"
EndProject
Project("{FAE04EC0-301F-11D3-BF4B-00C04F79EFBC}") = "StylizedWaterForURP", "StylizedWaterForURP.csproj", "{ad4e5043-b183-423a-7881-16e88442d9c0}"
EndProject
Project("{FAE04EC0-301F-11D3-BF4B-00C04F79EFBC}") = "lilToon.Editor", "lilToon.Editor.csproj", "{6ea7da84-b9aa-eba0-9124-c237174df6ca}"
EndProject
Project("{FAE04EC0-301F-11D3-BF4B-00C04F79EFBC}") = "StylizedWaterForURPEditor", "StylizedWaterForURPEditor.csproj", "{95649dc0-f0d0-b0f9-9da5-391ee7f09a29}"
EndProject
Project("{FAE04EC0-301F-11D3-BF4B-00C04F79EFBC}") = "lilToon.Editor.External", "lilToon.Editor.External.csproj", "{9dd99a76-f6aa-66a9-ace8-60fcb2e50b76}"
EndProject
Project("{FAE04EC0-301F-11D3-BF4B-00C04F79EFBC}") = "Assembly-CSharp-Editor", "Assembly-CSharp-Editor.csproj", "{451b261c-6510-f02d-1dba-19026ac31c27}"
EndProject
Global
	GlobalSection(SolutionConfigurationPlatforms) = preSolution
		Debug|Any CPU = Debug|Any CPU
	EndGlobalSection
	GlobalSection(ProjectConfigurationPlatforms) = postSolution
		{f9d2c358-1142-8db6-5d15-26a243dd6e6d}.Debug|Any CPU.ActiveCfg = Debug|Any CPU
		{f9d2c358-1142-8db6-5d15-26a243dd6e6d}.Debug|Any CPU.Build.0 = Debug|Any CPU
		{ad4e5043-b183-423a-7881-16e88442d9c0}.Debug|Any CPU.ActiveCfg = Debug|Any CPU
		{ad4e5043-b183-423a-7881-16e88442d9c0}.Debug|Any CPU.Build.0 = Debug|Any CPU
		{6ea7da84-b9aa-eba0-9124-c237174df6ca}.Debug|Any CPU.ActiveCfg = Debug|Any CPU
		{6ea7da84-b9aa-eba0-9124-c237174df6ca}.Debug|Any CPU.Build.0 = Debug|Any CPU
		{95649dc0-f0d0-b0f9-9da5-391ee7f09a29}.Debug|Any CPU.ActiveCfg = Debug|Any CPU
		{95649dc0-f0d0-b0f9-9da5-391ee7f09a29}.Debug|Any CPU.Build.0 = Debug|Any CPU
		{9dd99a76-f6aa-66a9-ace8-60fcb2e50b76}.Debug|Any CPU.ActiveCfg = Debug|Any CPU
		{9dd99a76-f6aa-66a9-ace8-60fcb2e50b76}.Debug|Any CPU.Build.0 = Debug|Any CPU
		{451b261c-6510-f02d-1dba-19026ac31c27}.Debug|Any CPU.ActiveCfg = Debug|Any CPU
		{451b261c-6510-f02d-1dba-19026ac31c27}.Debug|Any CPU.Build.0 = Debug|Any CPU
	EndGlobalSection
	GlobalSection(SolutionProperties) = preSolution
		HideSolutionNode = FALSE
	EndGlobalSection
EndGlobal
